// !$*UTF8*$!
{
	archiveVersion = 1;
	classes = {
	};
	objectVersion = 55;
	objects = {

/* Begin PBXBuildFile section */
		FD5CA7C5281706E6009464D4 /* YellowViewController.swift in Sources */ = {isa = PBXBuildFile; fileRef = FD5CA7C4281706E6009464D4 /* YellowViewController.swift */; };
		FD5CA7C728170FE5009464D4 /* BlueViewController.swift in Sources */ = {isa = PBXBuildFile; fileRef = FD5CA7C628170FE5009464D4 /* BlueViewController.swift */; };
		FD5CA7C9281715FE009464D4 /* GreenViewController.swift in Sources */ = {isa = PBXBuildFile; fileRef = FD5CA7C8281715FE009464D4 /* GreenViewController.swift */; };
		FDB4C9D9281576B200581A98 /* GameViewController.swift in Sources */ = {isa = PBXBuildFile; fileRef = FDB4C9D8281576B200581A98 /* GameViewController.swift */; };
		FDB4C9DB28157E6300581A98 /* Game.swift in Sources */ = {isa = PBXBuildFile; fileRef = FDB4C9DA28157E6300581A98 /* Game.swift */; };
		FDC4EA1927F467D000AE4A5F /* AppDelegate.swift in Sources */ = {isa = PBXBuildFile; fileRef = FDC4EA1827F467D000AE4A5F /* AppDelegate.swift */; };
		FDC4EA2027F467D000AE4A5F /* Main.storyboard in Resources */ = {isa = PBXBuildFile; fileRef = FDC4EA1E27F467D000AE4A5F /* Main.storyboard */; };
		FDC4EA2227F467D300AE4A5F /* Assets.xcassets in Resources */ = {isa = PBXBuildFile; fileRef = FDC4EA2127F467D300AE4A5F /* Assets.xcassets */; };
		FDC4EA2527F467D300AE4A5F /* LaunchScreen.storyboard in Resources */ = {isa = PBXBuildFile; fileRef = FDC4EA2327F467D300AE4A5F /* LaunchScreen.storyboard */; };
/* End PBXBuildFile section */

/* Begin PBXFileReference section */
		FD5CA7C4281706E6009464D4 /* YellowViewController.swift */ = {isa = PBXFileReference; lastKnownFileType = sourcecode.swift; path = YellowViewController.swift; sourceTree = "<group>"; };
		FD5CA7C628170FE5009464D4 /* BlueViewController.swift */ = {isa = PBXFileReference; lastKnownFileType = sourcecode.swift; path = BlueViewController.swift; sourceTree = "<group>"; };
		FD5CA7C8281715FE009464D4 /* GreenViewController.swift */ = {isa = PBXFileReference; lastKnownFileType = sourcecode.swift; path = GreenViewController.swift; sourceTree = "<group>"; };
		FDB4C9D8281576B200581A98 /* GameViewController.swift */ = {isa = PBXFileReference; lastKnownFileType = sourcecode.swift; path = GameViewController.swift; sourceTree = "<group>"; };
		FDB4C9DA28157E6300581A98 /* Game.swift */ = {isa = PBXFileReference; lastKnownFileType = sourcecode.swift; path = Game.swift; sourceTree = "<group>"; };
		FDC4EA1527F467D000AE4A5F /* FindNumber.app */ = {isa = PBXFileReference; explicitFileType = wrapper.application; includeInIndex = 0; path = FindNumber.app; sourceTree = BUILT_PRODUCTS_DIR; };
		FDC4EA1827F467D000AE4A5F /* AppDelegate.swift */ = {isa = PBXFileReference; lastKnownFileType = sourcecode.swift; path = AppDelegate.swift; sourceTree = "<group>"; };
		FDC4EA1F27F467D000AE4A5F /* Base */ = {isa = PBXFileReference; lastKnownFileType = file.storyboard; name = Base; path = Base.lproj/Main.storyboard; sourceTree = "<group>"; };
		FDC4EA2127F467D300AE4A5F /* Assets.xcassets */ = {isa = PBXFileReference; lastKnownFileType = folder.assetcatalog; path = Assets.xcassets; sourceTree = "<group>"; };
		FDC4EA2427F467D300AE4A5F /* Base */ = {isa = PBXFileReference; lastKnownFileType = file.storyboard; name = Base; path = Base.lproj/LaunchScreen.storyboard; sourceTree = "<group>"; };
		FDC4EA2627F467D300AE4A5F /* Info.plist */ = {isa = PBXFileReference; lastKnownFileType = text.plist.xml; path = Info.plist; sourceTree = "<group>"; };
/* End PBXFileReference section */

/* Begin PBXFrameworksBuildPhase section */
		FDC4EA1227F467D000AE4A5F /* Frameworks */ = {
			isa = PBXFrameworksBuildPhase;
			buildActionMask = 2147483647;
			files = (
			);
			runOnlyForDeploymentPostprocessing = 0;
		};
/* End PBXFrameworksBuildPhase section */

/* Begin PBXGroup section */
		FDC4EA0C27F467D000AE4A5F = {
			isa = PBXGroup;
			children = (
				FDC4EA1727F467D000AE4A5F /* FindNumber */,
				FDC4EA1627F467D000AE4A5F /* Products */,
			);
			sourceTree = "<group>";
		};
		FDC4EA1627F467D000AE4A5F /* Products */ = {
			isa = PBXGroup;
			children = (
				FDC4EA1527F467D000AE4A5F /* FindNumber.app */,
			);
			name = Products;
			sourceTree = "<group>";
		};
		FDC4EA1727F467D000AE4A5F /* FindNumber */ = {
			isa = PBXGroup;
			children = (
				FDC4EA1827F467D000AE4A5F /* AppDelegate.swift */,
				FDC4EA1E27F467D000AE4A5F /* Main.storyboard */,
				FDC4EA2127F467D300AE4A5F /* Assets.xcassets */,
				FDC4EA2327F467D300AE4A5F /* LaunchScreen.storyboard */,
				FDC4EA2627F467D300AE4A5F /* Info.plist */,
				FDB4C9D8281576B200581A98 /* GameViewController.swift */,
				FDB4C9DA28157E6300581A98 /* Game.swift */,
				FD5CA7C4281706E6009464D4 /* YellowViewController.swift */,
				FD5CA7C628170FE5009464D4 /* BlueViewController.swift */,
				FD5CA7C8281715FE009464D4 /* GreenViewController.swift */,
			);
			path = FindNumber;
			sourceTree = "<group>";
		};
/* End PBXGroup section */

/* Begin PBXNativeTarget section */
		FDC4EA1427F467D000AE4A5F /* FindNumber */ = {
			isa = PBXNativeTarget;
			buildConfigurationList = FDC4EA2927F467D300AE4A5F /* Build configuration list for PBXNativeTarget "FindNumber" */;
			buildPhases = (
				FDC4EA1127F467D000AE4A5F /* Sources */,
				FDC4EA1227F467D000AE4A5F /* Frameworks */,
				FDC4EA1327F467D000AE4A5F /* Resources */,
			);
			buildRules = (
			);
			dependencies = (
			);
			name = FindNumber;
			productName = FindNumber;
			productReference = FDC4EA1527F467D000AE4A5F /* FindNumber.app */;
			productType = "com.apple.product-type.application";
		};
/* End PBXNativeTarget section */

/* Begin PBXProject section */
		FDC4EA0D27F467D000AE4A5F /* Project object */ = {
			isa = PBXProject;
			attributes = {
				BuildIndependentTargetsInParallel = 1;
				LastSwiftUpdateCheck = 1330;
				LastUpgradeCheck = 1330;
				TargetAttributes = {
					FDC4EA1427F467D000AE4A5F = {
						CreatedOnToolsVersion = 13.3;
					};
				};
			};
			buildConfigurationList = FDC4EA1027F467D000AE4A5F /* Build configuration list for PBXProject "FindNumber" */;
			compatibilityVersion = "Xcode 13.0";
			developmentRegion = en;
			hasScannedForEncodings = 0;
			knownRegions = (
				en,
				Base,
			);
			mainGroup = FDC4EA0C27F467D000AE4A5F;
			productRefGroup = FDC4EA1627F467D000AE4A5F /* Products */;
			projectDirPath = "";
			projectRoot = "";
			targets = (
				FDC4EA1427F467D000AE4A5F /* FindNumber */,
			);
		};
/* End PBXProject section */

/* Begin PBXResourcesBuildPhase section */
		FDC4EA1327F467D000AE4A5F /* Resources */ = {
			isa = PBXResourcesBuildPhase;
			buildActionMask = 2147483647;
			files = (
				FDC4EA2527F467D300AE4A5F /* LaunchScreen.storyboard in Resources */,
				FDC4EA2227F467D300AE4A5F /* Assets.xcassets in Resources */,
				FDC4EA2027F467D000AE4A5F /* Main.storyboard in Resources */,
			);
			runOnlyForDeploymentPostprocessing = 0;
		};
/* End PBXResourcesBuildPhase section */

/* Begin PBXSourcesBuildPhase section */
		FDC4EA1127F467D000AE4A5F /* Sources */ = {
			isa = PBXSourcesBuildPhase;
			buildActionMask = 2147483647;
			files = (
				FD5CA7C9281715FE009464D4 /* GreenViewController.swift in Sources */,
				FD5CA7C5281706E6009464D4 /* YellowViewController.swift in Sources */,
				FDB4C9D9281576B200581A98 /* GameViewController.swift in Sources */,
				FDB4C9DB28157E6300581A98 /* Game.swift in Sources */,
				FD5CA7C728170FE5009464D4 /* BlueViewController.swift in Sources */,
				FDC4EA1927F467D000AE4A5F /* AppDelegate.swift in Sources */,
			);
			runOnlyForDeploymentPostprocessing = 0;
		};
/* End PBXSourcesBuildPhase section */

/* Begin PBXVariantGroup section */
		FDC4EA1E27F467D000AE4A5F /* Main.storyboard */ = {
			isa = PBXVariantGroup;
			children = (
				FDC4EA1F27F467D000AE4A5F /* Base */,
			);
			name = Main.storyboard;
			sourceTree = "<group>";
		};
		FDC4EA2327F467D300AE4A5F /* LaunchScreen.storyboard */ = {
			isa = PBXVariantGroup;
			children = (
				FDC4EA2427F467D300AE4A5F /* Base */,
			);
			name = LaunchScreen.storyboard;
			sourceTree = "<group>";
		};
/* End PBXVariantGroup section */

/* Begin XCBuildConfiguration section */
		FDC4EA2727F467D300AE4A5F /* Debug */ = {
			isa = XCBuildConfiguration;
			buildSettings = {
				ALWAYS_SEARCH_USER_PATHS = NO;
				CLANG_ANALYZER_NONNULL = YES;
				CLANG_ANALYZER_NUMBER_OBJECT_CONVERSION = YES_AGGRESSIVE;
				CLANG_CXX_LANGUAGE_STANDARD = "gnu++17";
				CLANG_ENABLE_MODULES = YES;
				CLANG_ENABLE_OBJC_ARC = YES;
				CLANG_ENABLE_OBJC_WEAK = YES;
				CLANG_WARN_BLOCK_CAPTURE_AUTORELEASING = YES;
				CLANG_WARN_BOOL_CONVERSION = YES;
				CLANG_WARN_COMMA = YES;
				CLANG_WARN_CONSTANT_CONVERSION = YES;
				CLANG_WARN_DEPRECATED_OBJC_IMPLEMENTATIONS = YES;
				CLANG_WARN_DIRECT_OBJC_ISA_USAGE = YES_ERROR;
				CLANG_WARN_DOCUMENTATION_COMMENTS = YES;
				CLANG_WARN_EMPTY_BODY = YES;
				CLANG_WARN_ENUM_CONVERSION = YES;
				CLANG_WARN_INFINITE_RECURSION = YES;
				CLANG_WARN_INT_CONVERSION = YES;
				CLANG_WARN_NON_LITERAL_NULL_CONVERSION = YES;
				CLANG_WARN_OBJC_IMPLICIT_RETAIN_SELF = YES;
				CLANG_WARN_OBJC_LITERAL_CONVERSION = YES;
				CLANG_WARN_OBJC_ROOT_CLASS = YES_ERROR;
				CLANG_WARN_QUOTED_INCLUDE_IN_FRAMEWORK_HEADER = YES;
				CLANG_WARN_RANGE_LOOP_ANALYSIS = YES;
				CLANG_WARN_STRICT_PROTOTYPES = YES;
				CLANG_WARN_SUSPICIOUS_MOVE = YES;
				CLANG_WARN_UNGUARDED_AVAILABILITY = YES_AGGRESSIVE;
				CLANG_WARN_UNREACHABLE_CODE = YES;
				CLANG_WARN__DUPLICATE_METHOD_MATCH = YES;
				COPY_PHASE_STRIP = NO;
				DEBUG_INFORMATION_FORMAT = dwarf;
				ENABLE_STRICT_OBJC_MSGSEND = YES;
				ENABLE_TESTABILITY = YES;
				GCC_C_LANGUAGE_STANDARD = gnu11;
				GCC_DYNAMIC_NO_PIC = NO;
				GCC_NO_COMMON_BLOCKS = YES;
				GCC_OPTIMIZATION_LEVEL = 0;
				GCC_PREPROCESSOR_DEFINITIONS = (
					"DEBUG=1",
					"$(inherited)",
				);
				GCC_WARN_64_TO_32_BIT_CONVERSION = YES;
				GCC_WARN_ABOUT_RETURN_TYPE = YES_ERROR;
				GCC_WARN_UNDECLARED_SELECTOR = YES;
				GCC_WARN_UNINITIALIZED_AUTOS = YES_AGGRESSIVE;
				GCC_WARN_UNUSED_FUNCTION = YES;
				GCC_WARN_UNUSED_VARIABLE = YES;
				IPHONEOS_DEPLOYMENT_TARGET = 15.4;
				MTL_ENABLE_DEBUG_INFO = INCLUDE_SOURCE;
				MTL_FAST_MATH = YES;
				ONLY_ACTIVE_ARCH = YES;
				SDKROOT = iphoneos;
				SWIFT_ACTIVE_COMPILATION_CONDITIONS = DEBUG;
				SWIFT_OPTIMIZATION_LEVEL = "-Onone";
			};
			name = Debug;
		};
		FDC4EA2827F467D300AE4A5F /* Release */ = {
			isa = XCBuildConfiguration;
			buildSettings = {
				ALWAYS_SEARCH_USER_PATHS = NO;
				CLANG_ANALYZER_NONNULL = YES;
				CLANG_ANALYZER_NUMBER_OBJECT_CONVERSION = YES_AGGRESSIVE;
				CLANG_CXX_LANGUAGE_STANDARD = "gnu++17";
				CLANG_ENABLE_MODULES = YES;
				CLANG_ENABLE_OBJC_ARC = YES;
				CLANG_ENABLE_OBJC_WEAK = YES;
				CLANG_WARN_BLOCK_CAPTURE_AUTORELEASING = YES;
				CLANG_WARN_BOOL_CONVERSION = YES;
				CLANG_WARN_COMMA = YES;
				CLANG_WARN_CONSTANT_CONVERSION = YES;
				CLANG_WARN_DEPRECATED_OBJC_IMPLEMENTATIONS = YES;
				CLANG_WARN_DIRECT_OBJC_ISA_USAGE = YES_ERROR;
				CLANG_WARN_DOCUMENTATION_COMMENTS = YES;
				CLANG_WARN_EMPTY_BODY = YES;
				CLANG_WARN_ENUM_CONVERSION = YES;
				CLANG_WARN_INFINITE_RECURSION = YES;
				CLANG_WARN_INT_CONVERSION = YES;
				CLANG_WARN_NON_LITERAL_NULL_CONVERSION = YES;
				CLANG_WARN_OBJC_IMPLICIT_RETAIN_SELF = YES;
				CLANG_WARN_OBJC_LITERAL_CONVERSION = YES;
				CLANG_WARN_OBJC_ROOT_CLASS = YES_ERROR;
				CLANG_WARN_QUOTED_INCLUDE_IN_FRAMEWORK_HEADER = YES;
				CLANG_WARN_RANGE_LOOP_ANALYSIS = YES;
				CLANG_WARN_STRICT_PROTOTYPES = YES;
				CLANG_WARN_SUSPICIOUS_MOVE = YES;
				CLANG_WARN_UNGUARDED_AVAILABILITY = YES_AGGRESSIVE;
				CLANG_WARN_UNREACHABLE_CODE = YES;
				CLANG_WARN__DUPLICATE_METHOD_MATCH = YES;
				COPY_PHASE_STRIP = NO;
				DEBUG_INFORMATION_FORMAT = "dwarf-with-dsym";
				ENABLE_NS_ASSERTIONS = NO;
				ENABLE_STRICT_OBJC_MSGSEND = YES;
				GCC_C_LANGUAGE_STANDARD = gnu11;
				GCC_NO_COMMON_BLOCKS = YES;
				GCC_WARN_64_TO_32_BIT_CONVERSION = YES;
				GCC_WARN_ABOUT_RETURN_TYPE = YES_ERROR;
				GCC_WARN_UNDECLARED_SELECTOR = YES;
				GCC_WARN_UNINITIALIZED_AUTOS = YES_AGGRESSIVE;
				GCC_WARN_UNUSED_FUNCTION = YES;
				GCC_WARN_UNUSED_VARIABLE = YES;
				IPHONEOS_DEPLOYMENT_TARGET = 15.4;
				MTL_ENABLE_DEBUG_INFO = NO;
				MTL_FAST_MATH = YES;
				SDKROOT = iphoneos;
				SWIFT_COMPILATION_MODE = wholemodule;
				SWIFT_OPTIMIZATION_LEVEL = "-O";
				VALIDATE_PRODUCT = YES;
			};
			name = Release;
		};
		FDC4EA2A27F467D300AE4A5F /* Debug */ = {
			isa = XCBuildConfiguration;
			buildSettings = {
				ASSETCATALOG_COMPILER_APPICON_NAME = AppIcon;
				ASSETCATALOG_COMPILER_GLOBAL_ACCENT_COLOR_NAME = AccentColor;
				CODE_SIGN_STYLE = Automatic;
				CURRENT_PROJECT_VERSION = 1;
				DEVELOPMENT_TEAM = 58YTVL7DR5;
				GENERATE_INFOPLIST_FILE = YES;
				INFOPLIST_FILE = FindNumber/Info.plist;
				INFOPLIST_KEY_CFBundleDisplayName = "Find Number";
				INFOPLIST_KEY_UIApplicationSupportsIndirectInputEvents = YES;
				INFOPLIST_KEY_UILaunchStoryboardName = LaunchScreen;
				INFOPLIST_KEY_UIMainStoryboardFile = Main;
				INFOPLIST_KEY_UISupportedInterfaceOrientations = UIInterfaceOrientationPortrait;
				INFOPLIST_KEY_UISupportedInterfaceOrientations_iPad = "UIInterfaceOrientationPortrait UIInterfaceOrientationPortraitUpsideDown UIInterfaceOrientationLandscapeLeft UIInterfaceOrientationLandscapeRight";
				INFOPLIST_KEY_UISupportedInterfaceOrientations_iPhone = "UIInterfaceOrientationPortrait UIInterfaceOrientationLandscapeLeft UIInterfaceOrientationLandscapeRight";
				IPHONEOS_DEPLOYMENT_TARGET = 13.0;
				LD_RUNPATH_SEARCH_PATHS = (
					"$(inherited)",
					"@executable_path/Frameworks",
				);
				MARKETING_VERSION = 1.0.0;
				PRODUCT_BUNDLE_IDENTIFIER = com.testsite.FindNumber;
				PRODUCT_NAME = "$(TARGET_NAME)";
				SWIFT_EMIT_LOC_STRINGS = YES;
				SWIFT_VERSION = 5.0;
				TARGETED_DEVICE_FAMILY = 1;
			};
			name = Debug;
		};
		FDC4EA2B27F467D300AE4A5F /* Release */ = {
			isa = XCBuildConfiguration;
			buildSettings = {
				ASSETCATALOG_COMPILER_APPICON_NAME = AppIcon;
				ASSETCATALOG_COMPILER_GLOBAL_ACCENT_COLOR_NAME = AccentColor;
				CODE_SIGN_STYLE = Automatic;
				CURRENT_PROJECT_VERSION = 1;
				DEVELOPMENT_TEAM = 58YTVL7DR5;
				GENERATE_INFOPLIST_FILE = YES;
				INFOPLIST_FILE = FindNumber/Info.plist;
				INFOPLIST_KEY_CFBundleDisplayName = "Find Number";
				INFOPLIST_KEY_UIApplicationSupportsIndirectInputEvents = YES;
				INFOPLIST_KEY_UILaunchStoryboardName = LaunchScreen;
				INFOPLIST_KEY_UIMainStoryboardFile = Main;
				INFOPLIST_KEY_UISupportedInterfaceOrientations = UIInterfaceOrientationPortrait;
				INFOPLIST_KEY_UISupportedInterfaceOrientations_iPad = "UIInterfaceOrientationPortrait UIInterfaceOrientationPortraitUpsideDown UIInterfaceOrientationLandscapeLeft UIInterfaceOrientationLandscapeRight";
				INFOPLIST_KEY_UISupportedInterfaceOrientations_iPhone = "UIInterfaceOrientationPortrait UIInterfaceOrientationLandscapeLeft UIInterfaceOrientationLandscapeRight";
				IPHONEOS_DEPLOYMENT_TARGET = 13.0;
				LD_RUNPATH_SEARCH_PATHS = (
					"$(inherited)",
					"@executable_path/Frameworks",
				);
				MARKETING_VERSION = 1.0.0;
				PRODUCT_BUNDLE_IDENTIFIER = com.testsite.FindNumber;
				PRODUCT_NAME = "$(TARGET_NAME)";
				SWIFT_EMIT_LOC_STRINGS = YES;
				SWIFT_VERSION = 5.0;
				TARGETED_DEVICE_FAMILY = 1;
			};
			name = Release;
		};
/* End XCBuildConfiguration section */

/* Begin XCConfigurationList section */
		FDC4EA1027F467D000AE4A5F /* Build configuration list for PBXProject "FindNumber" */ = {
			isa = XCConfigurationList;
			buildConfigurations = (
				FDC4EA2727F467D300AE4A5F /* Debug */,
				FDC4EA2827F467D300AE4A5F /* Release */,
			);
			defaultConfigurationIsVisible = 0;
			defaultConfigurationName = Release;
		};
		FDC4EA2927F467D300AE4A5F /* Build configuration list for PBXNativeTarget "FindNumber" */ = {
			isa = XCConfigurationList;
			buildConfigurations = (
				FDC4EA2A27F467D300AE4A5F /* Debug */,
				FDC4EA2B27F467D300AE4A5F /* Release */,
			);
			defaultConfigurationIsVisible = 0;
			defaultConfigurationName = Release;
		};
/* End XCConfigurationList section */
	};
	rootObject = FDC4EA0D27F467D000AE4A5F /* Project object */;
}
